<?xml version="1.0" encoding="utf-8"?>
<Project ToolsVersion="4.0" xmlns="http://schemas.microsoft.com/developer/msbuild/2003">
  <ItemGroup>
    <Filter Include="ソース ファイル">
      <UniqueIdentifier>{4FC737F1-C7A5-4376-A066-2A32D752A2FF}</UniqueIdentifier>
      <Extensions>cpp;c;cc;cxx;def;odl;idl;hpj;bat;asm;asmx</Extensions>
    </Filter>
    <Filter Include="ヘッダー ファイル">
      <UniqueIdentifier>{93995380-89BD-4b04-88EB-625FBE52EBFB}</UniqueIdentifier>
      <Extensions>h;hh;hpp;hxx;hm;inl;inc;xsd</Extensions>
    </Filter>
    <Filter Include="リソース ファイル">
      <UniqueIdentifier>{67DA6AB6-F800-4c08-8B7A-83BB121AAD01}</UniqueIdentifier>
      <Extensions>rc;ico;cur;bmp;dlg;rc2;rct;bin;rgs;gif;jpg;jpeg;jpe;resx;tiff;tif;png;wav;mfcribbon-ms</Extensions>
    </Filter>
    <Filter Include="ソース ファイル\Device">
      <UniqueIdentifier>{0dbc04b2-8409-4436-a7cd-ed91419fb3b4}</UniqueIdentifier>
    </Filter>
    <Filter Include="ヘッダー ファイル\Device">
      <UniqueIdentifier>{ee683df7-0300-4203-814c-c83c19a72331}</UniqueIdentifier>
    </Filter>
    <Filter Include="ソース ファイル\Resource">
      <UniqueIdentifier>{981c18b7-49dc-41de-b216-2440431cdeb1}</UniqueIdentifier>
    </Filter>
    <Filter Include="ヘッダー ファイル\Resource">
      <UniqueIdentifier>{cdf7619a-293a-4490-885f-eaf102a4ceb1}</UniqueIdentifier>
    </Filter>
    <Filter Include="ソース ファイル\GUI">
      <UniqueIdentifier>{c586a91b-e6af-4360-8aca-79f2717ed225}</UniqueIdentifier>
    </Filter>
    <Filter Include="ヘッダー ファイル\GUI">
      <UniqueIdentifier>{51e4d285-737c-4677-8be0-9c88e54d6e52}</UniqueIdentifier>
    </Filter>
    <Filter Include="ソース ファイル\Graphics">
      <UniqueIdentifier>{750163c0-0e27-4dd6-b470-d4b2f8ce26ef}</UniqueIdentifier>
    </Filter>
    <Filter Include="ヘッダー ファイル\Graphics">
      <UniqueIdentifier>{409f62cb-a936-4e25-bdcf-087d13566f61}</UniqueIdentifier>
    </Filter>
  </ItemGroup>
  <ItemGroup>
    <ClCompile Include="src\Device\DirextXDevice.cpp">
      <Filter>ソース ファイル\Device</Filter>
    </ClCompile>
    <ClCompile Include="src\Input\input.cpp">
      <Filter>ソース ファイル\Device</Filter>
    </ClCompile>
    <ClCompile Include="src\Device\WindowDevice.cpp">
      <Filter>ソース ファイル\Device</Filter>
    </ClCompile>
    <ClCompile Include="src\Input\Xbox360.cpp">
      <Filter>ソース ファイル\Device</Filter>
    </ClCompile>
    <ClCompile Include="src\Input\xinpututil.cpp">
      <Filter>ソース ファイル\Device</Filter>
    </ClCompile>
    <ClCompile Include="src\main.cpp">
      <Filter>ソース ファイル</Filter>
    </ClCompile>
    <ClCompile Include="src\Resource\Texture.cpp">
      <Filter>ソース ファイル\Resource</Filter>
    </ClCompile>
    <ClCompile Include="src\GUI\imgui_draw.cpp">
      <Filter>ソース ファイル\GUI</Filter>
    </ClCompile>
    <ClCompile Include="src\GUI\imgui_demo.cpp">
      <Filter>ソース ファイル\GUI</Filter>
    </ClCompile>
    <ClCompile Include="src\GUI\imgui.cpp">
      <Filter>ソース ファイル\GUI</Filter>
    </ClCompile>
    <ClCompile Include="src\GUI\imgui_impl_dx11.cpp">
      <Filter>ソース ファイル\GUI</Filter>
    </ClCompile>
    <ClCompile Include="src\Graphics\GraphicsPipeLine.cpp">
      <Filter>ソース ファイル\Graphics</Filter>
    </ClCompile>
    <ClCompile Include="src\Graphics\GraphicStatus.cpp">
      <Filter>ソース ファイル\Graphics</Filter>
    </ClCompile>
  </ItemGroup>
  <ItemGroup>
    <ClInclude Include="src\Input\input.h">
      <Filter>ヘッダー ファイル\Device</Filter>
    </ClInclude>
    <ClInclude Include="Include\Device\WindowDevice.h">
      <Filter>ヘッダー ファイル\Device</Filter>
    </ClInclude>
    <ClInclude Include="src\Input\Xbox360.h">
      <Filter>ヘッダー ファイル\Device</Filter>
    </ClInclude>
    <ClInclude Include="src\Input\xinpututil.h">
      <Filter>ヘッダー ファイル\Device</Filter>
    </ClInclude>
    <ClInclude Include="Include\Device\DirectXDevice.h">
      <Filter>ヘッダー ファイル\Device</Filter>
    </ClInclude>
    <ClInclude Include="include\Vertex.h">
      <Filter>ヘッダー ファイル</Filter>
    </ClInclude>
    <ClInclude Include="include\Macro.h">
      <Filter>ヘッダー ファイル</Filter>
    </ClInclude>
    <ClInclude Include="Include\Resource\Texture.h">
      <Filter>ヘッダー ファイル\Resource</Filter>
    </ClInclude>
    <ClInclude Include="Include\GUI\stb_rect_pack.h">
      <Filter>ヘッダー ファイル\GUI</Filter>
    </ClInclude>
    <ClInclude Include="Include\GUI\stb_textedit.h">
      <Filter>ヘッダー ファイル\GUI</Filter>
    </ClInclude>
    <ClInclude Include="Include\GUI\stb_truetype.h">
      <Filter>ヘッダー ファイル\GUI</Filter>
    </ClInclude>
    <ClInclude Include="Include\GUI\imconfig.h">
      <Filter>ヘッダー ファイル\GUI</Filter>
    </ClInclude>
    <ClInclude Include="Include\GUI\imgui.h">
      <Filter>ヘッダー ファイル\GUI</Filter>
    </ClInclude>
    <ClInclude Include="Include\GUI\imgui_impl_dx11.h">
      <Filter>ヘッダー ファイル\GUI</Filter>
    </ClInclude>
    <ClInclude Include="Include\GUI\imgui_internal.h">
      <Filter>ヘッダー ファイル\GUI</Filter>
    </ClInclude>
    <ClInclude Include="include\Graphics\GraphicsPipeLine.h">
      <Filter>ヘッダー ファイル\Graphics</Filter>
    </ClInclude>
    <ClInclude Include="include\Graphics\GraphicStatus.h">
      <Filter>ヘッダー ファイル\Graphics</Filter>
    </ClInclude>
  </ItemGroup>
</Project>